
Microsoft Visual Studio Solution File, Format Version 12.00
# Visual Studio Version 16
VisualStudioVersion = 16.0.31424.327
MinimumVisualStudioVersion = 10.0.40219.1
Project("{FAE04EC0-301F-11D3-BF4B-00C04F79EFBC}") = "Deliverable4", "Deliverable4\Deliverable4.csproj", "{A23ED4E4-F572-4E0E-B809-27F6AD53AB14}"
EndProject
Global
	GlobalSection(SolutionConfigurationPlatforms) = preSolution
		Debug|Any CPU = Debug|Any CPU
		Release|Any CPU = Release|Any CPU
	EndGlobalSection
	GlobalSection(ProjectConfigurationPlatforms) = postSolution
		{A23ED4E4-F572-4E0E-B809-27F6AD53AB14}.Debug|Any CPU.ActiveCfg = Debug|Any CPU
		{A23ED4E4-F572-4E0E-B809-27F6AD53AB14}.Debug|Any CPU.Build.0 = Debug|Any CPU
		{A23ED4E4-F572-4E0E-B809-27F6AD53AB14}.Release|Any CPU.ActiveCfg = Release|Any CPU
		{A23ED4E4-F572-4E0E-B809-27F6AD53AB14}.Release|Any CPU.Build.0 = Release|Any CPU
	EndGlobalSection
	GlobalSection(SolutionProperties) = preSolution
		HideSolutionNode = FALSE
	EndGlobalSection
	GlobalSection(ExtensibilityGlobals) = postSolution
		SolutionGuid = {FBD5A6D4-A402-4CEA-AFBC-9E4179DFF56E}
	EndGlobalSection
EndGlobal
